{
  "nodes": {
    "doomemacs": {
      "flake": false,
      "locked": {
        "lastModified": 1767229380,
        "narHash": "sha256-Uc6qONH3jjUVDgW+pPBCGC7mh88ZY05u1y37fQrsxq0=",
        "owner": "doomemacs",
        "repo": "doomemacs",
        "rev": "38d94da67dc84897a4318714dcc48494c016d8c4",
        "type": "github"
      },
      "original": {
        "owner": "doomemacs",
        "repo": "doomemacs",
        "type": "github"
      }
    },
    "emacs-overlay": {
      "inputs": {
        "nixpkgs": [
          "nix-doom-emacs-unstraightened"
        ],
        "nixpkgs-stable": [
          "nix-doom-emacs-unstraightened"
        ]
      },
      "locked": {
        "lastModified": 1767342671,
        "narHash": "sha256-ZFxB7GjFIG9QtnY2Di6qqUupbuFx9hJG5L80cC80p0M=",
        "owner": "nix-community",
        "repo": "emacs-overlay",
        "rev": "1d595e112e154b6aff274636551f36bad26f8542",
        "type": "github"
      },
      "original": {
        "owner": "nix-community",
        "repo": "emacs-overlay",
        "type": "github"
      }
    },
    "flake-compat": {
      "flake": false,
      "locked": {
        "lastModified": 1751685974,
        "narHash": "sha256-NKw96t+BgHIYzHUjkTK95FqYRVKB8DHpVhefWSz/kTw=",
        "ref": "refs/heads/main",
        "rev": "549f2762aebeff29a2e5ece7a7dc0f955281a1d1",
        "revCount": 92,
        "type": "git",
        "url": "https://git.lix.systems/lix-project/flake-compat.git"
      },
      "original": {
        "type": "git",
        "url": "https://git.lix.systems/lix-project/flake-compat.git"
      }
    },
    "flake-parts": {
      "inputs": {
        "nixpkgs-lib": [
          "nvf",
          "nixpkgs"
        ]
      },
      "locked": {
        "lastModified": 1760948891,
        "narHash": "sha256-TmWcdiUUaWk8J4lpjzu4gCGxWY6/Ok7mOK4fIFfBuU4=",
        "owner": "hercules-ci",
        "repo": "flake-parts",
        "rev": "864599284fc7c0ba6357ed89ed5e2cd5040f0c04",
        "type": "github"
      },
      "original": {
        "owner": "hercules-ci",
        "repo": "flake-parts",
        "type": "github"
      }
    },
    "hjem": {
      "inputs": {
        "nix-darwin": "nix-darwin",
        "nixpkgs": [
          "nixpkgs"
        ],
        "smfh": "smfh"
      },
      "locked": {
        "lastModified": 1767318528,
        "narHash": "sha256-I2zxtEafZbFbqXe71rjqwVeTDv8SIVLaSzQd39SwfwM=",
        "owner": "feel-co",
        "repo": "hjem",
        "rev": "8539013044624a257e8da370069107aea148e985",
        "type": "github"
      },
      "original": {
        "owner": "feel-co",
        "repo": "hjem",
        "type": "github"
      }
    },
    "hjem-rum": {
      "inputs": {
        "hjem": [
          "hjem"
        ],
        "ndg": "ndg",
        "nixpkgs": [
          "nixpkgs"
        ],
        "treefmt-nix": "treefmt-nix"
      },
      "locked": {
        "lastModified": 1766394058,
        "narHash": "sha256-P+59TbVusYqdx2Jt2liwvQ+hslUzU6M1ezRDy6c66Tc=",
        "owner": "snugnug",
        "repo": "hjem-rum",
        "rev": "edac54b7d57ad72cc4b124da2f44e7b2e584f3c6",
        "type": "github"
      },
      "original": {
        "owner": "snugnug",
        "repo": "hjem-rum",
        "type": "github"
      }
    },
    "mnw": {
      "locked": {
        "lastModified": 1758834834,
        "narHash": "sha256-Y7IvY4F8vajZyp3WGf+KaiIVwondEkMFkt92Cr9NZmg=",
        "owner": "Gerg-L",
        "repo": "mnw",
        "rev": "cfbc7d1cc832e318d0863a5fc91d940a96034001",
        "type": "github"
      },
      "original": {
        "owner": "Gerg-L",
        "repo": "mnw",
        "type": "github"
      }
    },
    "ndg": {
      "inputs": {
        "nixpkgs": "nixpkgs"
      },
      "locked": {
        "lastModified": 1766342086,
        "narHash": "sha256-vKuCSU8BCUxG8S2/EyOXrCbIQjmY07Jb5Cq3ehnLsnY=",
        "owner": "feel-co",
        "repo": "ndg",
        "rev": "696647a8f0ea1451c02de21b6bdf2a2c9f238d85",
        "type": "github"
      },
      "original": {
        "owner": "feel-co",
        "ref": "v2.5.1",
        "repo": "ndg",
        "type": "github"
      }
    },
    "ndg_2": {
      "inputs": {
        "nixpkgs": [
          "nvf",
          "nixpkgs"
        ]
      },
      "locked": {
        "lastModified": 1765720983,
        "narHash": "sha256-tWtukpABmux6EC/FuCJEgA1kmRjcRPtED44N+GGPq+4=",
        "owner": "feel-co",
        "repo": "ndg",
        "rev": "f399ace8bb8e1f705dd8942b24d207aa4d75c936",
        "type": "github"
      },
      "original": {
        "owner": "feel-co",
        "repo": "ndg",
        "type": "github"
      }
    },
    "nix-darwin": {
      "inputs": {
        "nixpkgs": [
          "hjem",
          "nixpkgs"
        ]
      },
      "locked": {
        "lastModified": 1765065051,
        "narHash": "sha256-b7W9WsvyMOkUScNxbzS45KEJp0iiqRPyJ1I3JBE+oEE=",
        "owner": "nix-darwin",
        "repo": "nix-darwin",
        "rev": "7e22bf538aa3e0937effcb1cee73d5f1bcc26f79",
        "type": "github"
      },
      "original": {
        "owner": "nix-darwin",
        "repo": "nix-darwin",
        "type": "github"
      }
    },
    "nix-doom-emacs-unstraightened": {
      "inputs": {
        "doomemacs": "doomemacs",
        "emacs-overlay": "emacs-overlay",
        "nixpkgs": [
          "nixpkgs"
        ],
        "systems": "systems_2"
      },
      "locked": {
        "lastModified": 1767343625,
        "narHash": "sha256-FDEt5/U8eIfNyDVWkJKv+fKRTTqQGzRXA7Snx/lfO9Y=",
        "owner": "marienz",
        "repo": "nix-doom-emacs-unstraightened",
        "rev": "0101a03de1631ce5396066781abe8fcf01637b77",
        "type": "github"
      },
      "original": {
        "owner": "marienz",
        "repo": "nix-doom-emacs-unstraightened",
        "type": "github"
      }
    },
    "nixpkgs": {
      "locked": {
        "lastModified": 1766070988,
        "narHash": "sha256-G/WVghka6c4bAzMhTwT2vjLccg/awmHkdKSd2JrycLc=",
        "owner": "NixOS",
        "repo": "nixpkgs",
        "rev": "c6245e83d836d0433170a16eb185cefe0572f8b8",
        "type": "github"
      },
      "original": {
        "owner": "NixOS",
        "ref": "nixos-unstable",
        "repo": "nixpkgs",
        "type": "github"
      }
    },
    "nixpkgs_2": {
      "locked": {
        "lastModified": 1767116409,
        "narHash": "sha256-5vKw92l1GyTnjoLzEagJy5V5mDFck72LiQWZSOnSicw=",
        "owner": "nixos",
        "repo": "nixpkgs",
        "rev": "cad22e7d996aea55ecab064e84834289143e44a0",
        "type": "github"
      },
      "original": {
        "owner": "nixos",
        "ref": "nixos-unstable",
        "repo": "nixpkgs",
        "type": "github"
      }
    },
    "nvf": {
      "inputs": {
        "flake-compat": "flake-compat",
        "flake-parts": "flake-parts",
        "mnw": "mnw",
        "ndg": "ndg_2",
        "nixpkgs": [
          "nixpkgs"
        ],
        "systems": "systems_3"
      },
      "locked": {
        "lastModified": 1767369300,
        "narHash": "sha256-QV+tdP2bS+PJBcp4YHhqpMTzcxsxGaS/d6cKMCJ4PnA=",
        "owner": "NotAShelf",
        "repo": "nvf",
        "rev": "9c75c2a199af39fc95fb203636ce97d070ca3973",
        "type": "github"
      },
      "original": {
        "owner": "NotAShelf",
        "repo": "nvf",
        "type": "github"
      }
    },
    "root": {
      "inputs": {
        "hjem": "hjem",
        "hjem-rum": "hjem-rum",
        "nix-doom-emacs-unstraightened": "nix-doom-emacs-unstraightened",
        "nixpkgs": "nixpkgs_2",
        "nvf": "nvf"
      }
    },
    "rust-overlay": {
      "inputs": {
        "nixpkgs": [
          "hjem",
          "smfh",
          "nixpkgs"
        ]
      },
      "locked": {
        "lastModified": 1763347184,
        "narHash": "sha256-6QH8hpCYJxifvyHEYg+Da0BotUn03BwLIvYo3JAxuqQ=",
        "owner": "oxalica",
        "repo": "rust-overlay",
        "rev": "08895cce80433978d5bfd668efa41c5e24578cbd",
        "type": "github"
      },
      "original": {
        "owner": "oxalica",
        "repo": "rust-overlay",
        "type": "github"
      }
    },
    "smfh": {
      "inputs": {
        "nixpkgs": [
          "hjem",
          "nixpkgs"
        ],
        "rust-overlay": "rust-overlay",
        "systems": "systems"
      },
      "locked": {
        "lastModified": 1763430012,
        "narHash": "sha256-06G7pXUdpMnUqR0JWWvV7sA8oNGOZU1cSLqQS1GMf7Y=",
        "owner": "feel-co",
        "repo": "smfh",
        "rev": "eddda76e3dd4c6deaea5f819f174fc16dbe70f90",
        "type": "github"
      },
      "original": {
        "owner": "feel-co",
        "repo": "smfh",
        "type": "github"
      }
    },
    "systems": {
      "locked": {
        "lastModified": 1681028828,
        "narHash": "sha256-Vy1rq5AaRuLzOxct8nz4T6wlgyUR7zLU309k9mBC768=",
        "owner": "nix-systems",
        "repo": "default",
        "rev": "da67096a3b9bf56a91d16901293e51ba5b49a27e",
        "type": "github"
      },
      "original": {
        "owner": "nix-systems",
        "repo": "default",
        "type": "github"
      }
    },
    "systems_2": {
      "locked": {
        "lastModified": 1681028828,
        "narHash": "sha256-Vy1rq5AaRuLzOxct8nz4T6wlgyUR7zLU309k9mBC768=",
        "owner": "nix-systems",
        "repo": "default",
        "rev": "da67096a3b9bf56a91d16901293e51ba5b49a27e",
        "type": "github"
      },
      "original": {
        "owner": "nix-systems",
        "repo": "default",
        "type": "github"
      }
    },
    "systems_3": {
      "locked": {
        "lastModified": 1681028828,
        "narHash": "sha256-Vy1rq5AaRuLzOxct8nz4T6wlgyUR7zLU309k9mBC768=",
        "owner": "nix-systems",
        "repo": "default",
        "rev": "da67096a3b9bf56a91d16901293e51ba5b49a27e",
        "type": "github"
      },
      "original": {
        "owner": "nix-systems",
        "repo": "default",
        "type": "github"
      }
    },
    "treefmt-nix": {
      "inputs": {
        "nixpkgs": [
          "hjem-rum",
          "nixpkgs"
        ]
      },
      "locked": {
        "lastModified": 1746216483,
        "narHash": "sha256-4h3s1L/kKqt3gMDcVfN8/4v2jqHrgLIe4qok4ApH5x4=",
        "owner": "numtide",
        "repo": "treefmt-nix",
        "rev": "29ec5026372e0dec56f890e50dbe4f45930320fd",
        "type": "github"
      },
      "original": {
        "owner": "numtide",
        "repo": "treefmt-nix",
        "type": "github"
      }
    }
  },
  "root": "root",
  "version": 7
}
